
Microsoft Visual Studio Solution File, Format Version 12.00
# Visual Studio Version 17
VisualStudioVersion = 17.9.34714.143
MinimumVisualStudioVersion = 10.0.40219.1
Project("{9A19103F-16F7-4668-BE54-9A1E7A4F7556}") = "SimpleBookCatalog.Domain", "SimpleBookCatalog.Domain\SimpleBookCatalog.Domain.csproj", "{1FDDAD8D-D285-462F-8367-986287C23B36}"
EndProject
Project("{9A19103F-16F7-4668-BE54-9A1E7A4F7556}") = "SimpleBookCatalog.Application", "SimpleBookCatalog.Application\SimpleBookCatalog.Application.csproj", "{AB59AB98-D40A-48CA-BE2C-062702641757}"
EndProject
Project("{9A19103F-16F7-4668-BE54-9A1E7A4F7556}") = "SimpleBookCatalog.Infrastructure", "SimpleBookCatalog.Infrastructure\SimpleBookCatalog.Infrastructure.csproj", "{533FAEF9-0B33-47F7-B3E5-8C0F00FF8497}"
EndProject
Project("{9A19103F-16F7-4668-BE54-9A1E7A4F7556}") = "SimpleBookCatalog", "SimpleBookCatalog\SimpleBookCatalog.csproj", "{A68CBF6E-D4E1-47E2-8981-8EC76BCC0631}"
EndProject
Global
	GlobalSection(SolutionConfigurationPlatforms) = preSolution
		Debug|Any CPU = Debug|Any CPU
		Release|Any CPU = Release|Any CPU
	EndGlobalSection
	GlobalSection(ProjectConfigurationPlatforms) = postSolution
		{1FDDAD8D-D285-462F-8367-986287C23B36}.Debug|Any CPU.ActiveCfg = Debug|Any CPU
		{1FDDAD8D-D285-462F-8367-986287C23B36}.Debug|Any CPU.Build.0 = Debug|Any CPU
		{1FDDAD8D-D285-462F-8367-986287C23B36}.Release|Any CPU.ActiveCfg = Release|Any CPU
		{1FDDAD8D-D285-462F-8367-986287C23B36}.Release|Any CPU.Build.0 = Release|Any CPU
		{AB59AB98-D40A-48CA-BE2C-062702641757}.Debug|Any CPU.ActiveCfg = Debug|Any CPU
		{AB59AB98-D40A-48CA-BE2C-062702641757}.Debug|Any CPU.Build.0 = Debug|Any CPU
		{AB59AB98-D40A-48CA-BE2C-062702641757}.Release|Any CPU.ActiveCfg = Release|Any CPU
		{AB59AB98-D40A-48CA-BE2C-062702641757}.Release|Any CPU.Build.0 = Release|Any CPU
		{533FAEF9-0B33-47F7-B3E5-8C0F00FF8497}.Debug|Any CPU.ActiveCfg = Debug|Any CPU
		{533FAEF9-0B33-47F7-B3E5-8C0F00FF8497}.Debug|Any CPU.Build.0 = Debug|Any CPU
		{533FAEF9-0B33-47F7-B3E5-8C0F00FF8497}.Release|Any CPU.ActiveCfg = Release|Any CPU
		{533FAEF9-0B33-47F7-B3E5-8C0F00FF8497}.Release|Any CPU.Build.0 = Release|Any CPU
		{A68CBF6E-D4E1-47E2-8981-8EC76BCC0631}.Debug|Any CPU.ActiveCfg = Debug|Any CPU
		{A68CBF6E-D4E1-47E2-8981-8EC76BCC0631}.Debug|Any CPU.Build.0 = Debug|Any CPU
		{A68CBF6E-D4E1-47E2-8981-8EC76BCC0631}.Release|Any CPU.ActiveCfg = Release|Any CPU
		{A68CBF6E-D4E1-47E2-8981-8EC76BCC0631}.Release|Any CPU.Build.0 = Release|Any CPU
	EndGlobalSection
	GlobalSection(SolutionProperties) = preSolution
		HideSolutionNode = FALSE
	EndGlobalSection
	GlobalSection(ExtensibilityGlobals) = postSolution
		SolutionGuid = {1F21E377-FF67-410D-96B6-DC38BB969515}
	EndGlobalSection
EndGlobal
